
Microsoft Visual Studio Solution File, Format Version 12.00
# Visual Studio 15
VisualStudioVersion = 15.0.28010.2048
MinimumVisualStudioVersion = 10.0.40219.1
Project("{FAE04EC0-301F-11D3-BF4B-00C04F79EFBC}") = "SubirPuntoNet", "SubirPuntoNet\SubirPuntoNet.csproj", "{5DD94EEA-15EC-44A3-BAB8-E5AFD4F6993F}"
EndProject
Global
	GlobalSection(SolutionConfigurationPlatforms) = preSolution
		Debug|Any CPU = Debug|Any CPU
		Release|Any CPU = Release|Any CPU
	EndGlobalSection
	GlobalSection(ProjectConfigurationPlatforms) = postSolution
		{5DD94EEA-15EC-44A3-BAB8-E5AFD4F6993F}.Debug|Any CPU.ActiveCfg = Debug|Any CPU
		{5DD94EEA-15EC-44A3-BAB8-E5AFD4F6993F}.Debug|Any CPU.Build.0 = Debug|Any CPU
		{5DD94EEA-15EC-44A3-BAB8-E5AFD4F6993F}.Release|Any CPU.ActiveCfg = Release|Any CPU
		{5DD94EEA-15EC-44A3-BAB8-E5AFD4F6993F}.Release|Any CPU.Build.0 = Release|Any CPU
	EndGlobalSection
	GlobalSection(SolutionProperties) = preSolution
		HideSolutionNode = FALSE
	EndGlobalSection
	GlobalSection(ExtensibilityGlobals) = postSolution
		SolutionGuid = {B7F594FC-4FB8-4554-952E-3175F7DE7217}
	EndGlobalSection
EndGlobal
